
Microsoft Visual Studio Solution File, Format Version 11.00
# Visual Studio 2010
Project("{FAE04EC0-301F-11D3-BF4B-00C04F79EFBC}") = "ZetaComplex", "Assembly-CSharp.csproj", "{B3C96E79-F878-1E4E-BD11-F5BAE6D9D005}"
EndProject
Project("{FAE04EC0-301F-11D3-BF4B-00C04F79EFBC}") = "ZetaComplex", "Assembly-CSharp-Editor.csproj", "{B61CB5DF-7641-1A31-1B86-A6173E640A26}"
EndProject
Global
	GlobalSection(SolutionConfigurationPlatforms) = preSolution
		Debug|Any CPU = Debug|Any CPU
		Release|Any CPU = Release|Any CPU
	EndGlobalSection
	GlobalSection(ProjectConfigurationPlatforms) = postSolution
		{B3C96E79-F878-1E4E-BD11-F5BAE6D9D005}.Debug|Any CPU.ActiveCfg = Debug|Any CPU
		{B3C96E79-F878-1E4E-BD11-F5BAE6D9D005}.Debug|Any CPU.Build.0 = Debug|Any CPU
		{B3C96E79-F878-1E4E-BD11-F5BAE6D9D005}.Release|Any CPU.ActiveCfg = Release|Any CPU
		{B3C96E79-F878-1E4E-BD11-F5BAE6D9D005}.Release|Any CPU.Build.0 = Release|Any CPU
		{B61CB5DF-7641-1A31-1B86-A6173E640A26}.Debug|Any CPU.ActiveCfg = Debug|Any CPU
		{B61CB5DF-7641-1A31-1B86-A6173E640A26}.Debug|Any CPU.Build.0 = Debug|Any CPU
		{B61CB5DF-7641-1A31-1B86-A6173E640A26}.Release|Any CPU.ActiveCfg = Release|Any CPU
		{B61CB5DF-7641-1A31-1B86-A6173E640A26}.Release|Any CPU.Build.0 = Release|Any CPU
	EndGlobalSection
	GlobalSection(SolutionProperties) = preSolution
		HideSolutionNode = FALSE
	EndGlobalSection
	GlobalSection(MonoDevelopProperties) = preSolution
		StartupItem = Assembly-CSharp.csproj
	EndGlobalSection
EndGlobal
